
Microsoft Visual Studio Solution File, Format Version 12.00
# Visual Studio Version 16
VisualStudioVersion = 16.0.33027.164
MinimumVisualStudioVersion = 10.0.40219.1
Project("{FAE04EC0-301F-11D3-BF4B-00C04F79EFBC}") = "FinalProject", "FinalProject\FinalProject.csproj", "{0620D46E-9FCF-4012-8D61-931DE3A2524B}"
EndProject
Global
	GlobalSection(SolutionConfigurationPlatforms) = preSolution
		Debug|Any CPU = Debug|Any CPU
		Release|Any CPU = Release|Any CPU
	EndGlobalSection
	GlobalSection(ProjectConfigurationPlatforms) = postSolution
		{0620D46E-9FCF-4012-8D61-931DE3A2524B}.Debug|Any CPU.ActiveCfg = Debug|Any CPU
		{0620D46E-9FCF-4012-8D61-931DE3A2524B}.Debug|Any CPU.Build.0 = Debug|Any CPU
		{0620D46E-9FCF-4012-8D61-931DE3A2524B}.Release|Any CPU.ActiveCfg = Release|Any CPU
		{0620D46E-9FCF-4012-8D61-931DE3A2524B}.Release|Any CPU.Build.0 = Release|Any CPU
	EndGlobalSection
	GlobalSection(SolutionProperties) = preSolution
		HideSolutionNode = FALSE
	EndGlobalSection
	GlobalSection(ExtensibilityGlobals) = postSolution
		SolutionGuid = {67D5C426-2ECD-4B08-9B2D-65C4BF45AA2E}
	EndGlobalSection
EndGlobal
